
Microsoft Visual Studio Solution File, Format Version 12.00
# Visual Studio Version 17
VisualStudioVersion = 17.3.32929.385
MinimumVisualStudioVersion = 10.0.40219.1
Project("{FAE04EC0-301F-11D3-BF4B-00C04F79EFBC}") = "BLL", "BLL\BLL.csproj", "{53C8004D-19AC-4291-9305-10EEFF985572}"
EndProject
Project("{FAE04EC0-301F-11D3-BF4B-00C04F79EFBC}") = "GUI", "GUI\GUI.csproj", "{A2AEB964-69C6-43D1-9027-5343990BDB7C}"
EndProject
Project("{FAE04EC0-301F-11D3-BF4B-00C04F79EFBC}") = "DAL", "DAL\DAL.csproj", "{46838272-79F6-44CD-8436-5A151BCFCC36}"
EndProject
Project("{FAE04EC0-301F-11D3-BF4B-00C04F79EFBC}") = "DTO", "DTO\DTO.csproj", "{FEB629C0-2BF6-453D-AE52-5B51BFDB4960}"
EndProject
Global
	GlobalSection(SolutionConfigurationPlatforms) = preSolution
		Debug|Any CPU = Debug|Any CPU
		Release|Any CPU = Release|Any CPU
	EndGlobalSection
	GlobalSection(ProjectConfigurationPlatforms) = postSolution
		{53C8004D-19AC-4291-9305-10EEFF985572}.Debug|Any CPU.ActiveCfg = Debug|Any CPU
		{53C8004D-19AC-4291-9305-10EEFF985572}.Debug|Any CPU.Build.0 = Debug|Any CPU
		{53C8004D-19AC-4291-9305-10EEFF985572}.Release|Any CPU.ActiveCfg = Release|Any CPU
		{53C8004D-19AC-4291-9305-10EEFF985572}.Release|Any CPU.Build.0 = Release|Any CPU
		{A2AEB964-69C6-43D1-9027-5343990BDB7C}.Debug|Any CPU.ActiveCfg = Debug|Any CPU
		{A2AEB964-69C6-43D1-9027-5343990BDB7C}.Debug|Any CPU.Build.0 = Debug|Any CPU
		{A2AEB964-69C6-43D1-9027-5343990BDB7C}.Release|Any CPU.ActiveCfg = Release|Any CPU
		{A2AEB964-69C6-43D1-9027-5343990BDB7C}.Release|Any CPU.Build.0 = Release|Any CPU
		{46838272-79F6-44CD-8436-5A151BCFCC36}.Debug|Any CPU.ActiveCfg = Debug|Any CPU
		{46838272-79F6-44CD-8436-5A151BCFCC36}.Debug|Any CPU.Build.0 = Debug|Any CPU
		{46838272-79F6-44CD-8436-5A151BCFCC36}.Release|Any CPU.ActiveCfg = Release|Any CPU
		{46838272-79F6-44CD-8436-5A151BCFCC36}.Release|Any CPU.Build.0 = Release|Any CPU
		{FEB629C0-2BF6-453D-AE52-5B51BFDB4960}.Debug|Any CPU.ActiveCfg = Debug|Any CPU
		{FEB629C0-2BF6-453D-AE52-5B51BFDB4960}.Debug|Any CPU.Build.0 = Debug|Any CPU
		{FEB629C0-2BF6-453D-AE52-5B51BFDB4960}.Release|Any CPU.ActiveCfg = Release|Any CPU
		{FEB629C0-2BF6-453D-AE52-5B51BFDB4960}.Release|Any CPU.Build.0 = Release|Any CPU
	EndGlobalSection
	GlobalSection(SolutionProperties) = preSolution
		HideSolutionNode = FALSE
	EndGlobalSection
	GlobalSection(ExtensibilityGlobals) = postSolution
		SolutionGuid = {E12649BA-8EFE-4D86-A938-A2DFE84CBA30}
	EndGlobalSection
EndGlobal
